<?xml version="1.0" encoding="UTF-8" standalone="yes" ?>
<CodeBlocks_project_file>
	<FileVersion major="1" minor="5" />
	<Project>
		<Option title="CodeLite" />
		<Option pch_mode="2" />
		<Option default_target="" />
		<Option compiler="gcc" />
		<Option virtualFolders="" />
		<Build>
			<Target title="Debug">
				<Option output="lib\msw_gcc\libcodelited.a" prefix_auto="1" extension_auto="1" />
				<Option working_dir="" />
				<Option object_output="obj\msw_gcc\Debug" />
				<Option type="2" />
				<Option compiler="gcc" />
				<Compiler>
					<Add option="-g" />
					<Add option="`wx-config --cflags --debug`" />
					<Add option="-D_DEBUG" />
					<Add option="-DUSE_TRACE" />
				</Compiler>
				<Linker>
					<Add option="-lwxsqlite3d" />
					<Add option="-lsqlite3" />
					<Add option="`wx-config --libs --debug`" />
				</Linker>
			</Target>
			<Target title="Release">
				<Option output="lib\msw_gcc\libcodelite.a" prefix_auto="1" extension_auto="1" />
				<Option working_dir="" />
				<Option object_output="obj\msw_gcc\Release" />
				<Option type="2" />
				<Option compiler="gcc" />
				<Compiler>
					<Add option="-O2" />
					<Add option="`wx-config --cflags`" />
					<Add option="-DNDEBUG" />
				</Compiler>
				<Linker>
					<Add option="-s" />
					<Add option="-lwxsqlite3" />
					<Add option="-lsqlite3" />
					<Add option="`wx-config --libs`" />
				</Linker>
			</Target>
			<Environment>
				<Variable name="WXSQLITE_DIR" value="..\sdk\wxsqlite3" />
				<Variable name="SQLITE_DIR" value="..\sdk\sqlite3" />
			</Environment>
		</Build>
		<VirtualTargets>
			<Add alias="All" targets="Debug;Release;" />
		</VirtualTargets>
		<Compiler>
			<Add option="-Wall" />
			<Add option="-fexceptions" />
			<Add option="-Winvalid-pch" />
			<Add option="-DWXMAKINGDLL_SYM" />
			<Add option="-D_LIB" />
			<Add directory="$(WXSQLITE_DIR)\include" />
			<Add directory="$(SQLITE_DIR)" />
		</Compiler>
		<Linker>
			<Add option="-Wl,--enable-auto-image-base" />
			<Add option="-Wl,--export-all-symbols" />
			<Add option="-Wl,--add-stdcall-alias" />
			<Add directory="$(WXSQLITE_DIR)\lib\msw_gcc" />
			<Add directory="$(SQLITE_DIR)\lib\msw_gcc" />
		</Linker>
		<Unit filename="FlexLexer.h">
			<Option compilerVar="CPP" />
			<Option compile="0" />
			<Option link="0" />
			<Option target="Debug" />
			<Option target="Release" />
		</Unit>
		<Unit filename="calltip.cpp">
			<Option compilerVar="CPP" />
			<Option target="Debug" />
			<Option target="Release" />
		</Unit>
		<Unit filename="calltip.h">
			<Option compilerVar="CPP" />
			<Option compile="0" />
			<Option link="0" />
			<Option target="Debug" />
			<Option target="Release" />
		</Unit>
		<Unit filename="comment.cpp">
			<Option compilerVar="CPP" />
			<Option target="Debug" />
			<Option target="Release" />
		</Unit>
		<Unit filename="comment.h">
			<Option compilerVar="CPP" />
			<Option compile="0" />
			<Option link="0" />
			<Option target="Debug" />
			<Option target="Release" />
		</Unit>
		<Unit filename="cpp_scanner.cpp">
			<Option compilerVar="CPP" />
			<Option target="Debug" />
			<Option target="Release" />
		</Unit>
		<Unit filename="cpp_scanner.h">
			<Option compilerVar="CPP" />
			<Option compile="0" />
			<Option link="0" />
			<Option target="Debug" />
			<Option target="Release" />
		</Unit>
		<Unit filename="ctags_manager.cpp">
			<Option compilerVar="CPP" />
			<Option target="Debug" />
			<Option target="Release" />
		</Unit>
		<Unit filename="ctags_manager.h">
			<Option compilerVar="CPP" />
			<Option compile="0" />
			<Option link="0" />
			<Option target="Debug" />
			<Option target="Release" />
		</Unit>
		<Unit filename="db_record.h">
			<Option compilerVar="CPP" />
			<Option compile="0" />
			<Option link="0" />
			<Option target="Debug" />
			<Option target="Release" />
		</Unit>
		<Unit filename="entry.cpp">
			<Option compilerVar="CPP" />
			<Option target="Debug" />
			<Option target="Release" />
		</Unit>
		<Unit filename="entry.h">
			<Option compilerVar="CPP" />
			<Option compile="0" />
			<Option link="0" />
			<Option target="Debug" />
			<Option target="Release" />
		</Unit>
		<Unit filename="language.cpp">
			<Option compilerVar="CPP" />
			<Option target="Debug" />
			<Option target="Release" />
		</Unit>
		<Unit filename="language.h">
			<Option compilerVar="CPP" />
			<Option compile="0" />
			<Option link="0" />
			<Option target="Debug" />
			<Option target="Release" />
		</Unit>
		<Unit filename="lex.yy.cpp">
			<Option compilerVar="CPP" />
			<Option target="Debug" />
			<Option target="Release" />
		</Unit>
		<Unit filename="parse_thread.cpp">
			<Option compilerVar="CPP" />
			<Option target="Debug" />
			<Option target="Release" />
		</Unit>
		<Unit filename="parse_thread.h">
			<Option compilerVar="CPP" />
			<Option compile="0" />
			<Option link="0" />
			<Option target="Debug" />
			<Option target="Release" />
		</Unit>
		<Unit filename="precompiled_header.h">
			<Option compilerVar="CPP" />
			<Option compile="0" />
			<Option link="0" />
			<Option target="Debug" />
			<Option target="Release" />
		</Unit>
		<Unit filename="process.cpp">
			<Option compilerVar="CPP" />
			<Option target="Debug" />
			<Option target="Release" />
		</Unit>
		<Unit filename="process.h">
			<Option compilerVar="CPP" />
			<Option compile="0" />
			<Option link="0" />
			<Option target="Debug" />
			<Option target="Release" />
		</Unit>
		<Unit filename="readtags.cpp">
			<Option compilerVar="CPP" />
			<Option target="Debug" />
			<Option target="Release" />
		</Unit>
		<Unit filename="readtags.h">
			<Option compilerVar="CPP" />
			<Option compile="0" />
			<Option link="0" />
			<Option target="Debug" />
			<Option target="Release" />
		</Unit>
		<Unit filename="singleton.h">
			<Option compilerVar="CPP" />
			<Option compile="0" />
			<Option link="0" />
			<Option target="Debug" />
			<Option target="Release" />
		</Unit>
		<Unit filename="smart_ptr.h">
			<Option compilerVar="CPP" />
			<Option compile="0" />
			<Option link="0" />
			<Option target="Debug" />
			<Option target="Release" />
		</Unit>
		<Unit filename="symbol_tree.cpp">
			<Option compilerVar="CPP" />
			<Option target="Debug" />
			<Option target="Release" />
		</Unit>
		<Unit filename="symbol_tree.h">
			<Option compilerVar="CPP" />
			<Option compile="0" />
			<Option link="0" />
			<Option target="Debug" />
			<Option target="Release" />
		</Unit>
		<Unit filename="tag_tree.cpp">
			<Option compilerVar="CPP" />
			<Option target="Debug" />
			<Option target="Release" />
		</Unit>
		<Unit filename="tag_tree.h">
			<Option compilerVar="CPP" />
			<Option compile="0" />
			<Option link="0" />
			<Option target="Debug" />
			<Option target="Release" />
		</Unit>
		<Unit filename="tags_database.cpp">
			<Option compilerVar="CPP" />
			<Option target="Debug" />
			<Option target="Release" />
		</Unit>
		<Unit filename="tags_database.h">
			<Option compilerVar="CPP" />
			<Option compile="0" />
			<Option link="0" />
			<Option target="Debug" />
			<Option target="Release" />
		</Unit>
		<Unit filename="tokenizer.cpp">
			<Option compilerVar="CPP" />
			<Option target="Debug" />
			<Option target="Release" />
		</Unit>
		<Unit filename="tokenizer.h">
			<Option compilerVar="CPP" />
			<Option compile="0" />
			<Option link="0" />
			<Option target="Debug" />
			<Option target="Release" />
		</Unit>
		<Unit filename="tree.h">
			<Option compilerVar="CPP" />
			<Option compile="0" />
			<Option link="0" />
			<Option target="Debug" />
			<Option target="Release" />
		</Unit>
		<Unit filename="tree_node.h">
			<Option compilerVar="CPP" />
			<Option compile="0" />
			<Option link="0" />
			<Option target="Debug" />
			<Option target="Release" />
		</Unit>
		<Unit filename="unistd.h">
			<Option compilerVar="CPP" />
			<Option compile="0" />
			<Option link="0" />
			<Option target="Debug" />
			<Option target="Release" />
		</Unit>
		<Unit filename="y.tab.h">
			<Option compilerVar="CPP" />
			<Option compile="0" />
			<Option link="0" />
			<Option target="Debug" />
			<Option target="Release" />
		</Unit>
		<Extensions />
	</Project>
</CodeBlocks_project_file>